
Microsoft Visual Studio Solution File, Format Version 12.00
# Visual Studio Version 17
VisualStudioVersion = 17.5.002.0
MinimumVisualStudioVersion = 10.0.40219.1
Project("{9A19103F-16F7-4668-BE54-9A1E7A4F7556}") = "GameStoreFrontend", "GameStoreFrontend\GameStoreFrontend.csproj", "{63EB3C03-31FE-4CC7-9C29-C68627769D51}"
EndProject
Global
	GlobalSection(SolutionConfigurationPlatforms) = preSolution
		Debug|Any CPU = Debug|Any CPU
		Release|Any CPU = Release|Any CPU
	EndGlobalSection
	GlobalSection(ProjectConfigurationPlatforms) = postSolution
		{63EB3C03-31FE-4CC7-9C29-C68627769D51}.Debug|Any CPU.ActiveCfg = Debug|Any CPU
		{63EB3C03-31FE-4CC7-9C29-C68627769D51}.Debug|Any CPU.Build.0 = Debug|Any CPU
		{63EB3C03-31FE-4CC7-9C29-C68627769D51}.Release|Any CPU.ActiveCfg = Release|Any CPU
		{63EB3C03-31FE-4CC7-9C29-C68627769D51}.Release|Any CPU.Build.0 = Release|Any CPU
	EndGlobalSection
	GlobalSection(SolutionProperties) = preSolution
		HideSolutionNode = FALSE
	EndGlobalSection
	GlobalSection(ExtensibilityGlobals) = postSolution
		SolutionGuid = {179C58AE-EC21-4CC6-9AD3-8A2DE9148C95}
	EndGlobalSection
EndGlobal
