
Microsoft Visual Studio Solution File, Format Version 12.00
# Visual Studio Version 17
VisualStudioVersion = 17.5.002.0
MinimumVisualStudioVersion = 10.0.40219.1
Project("{9A19103F-16F7-4668-BE54-9A1E7A4F7556}") = "GameStoreFrontend", "GameStoreFrontend.csproj", "{5E9AEBFA-EE36-4538-AA5E-0159E770472C}"
EndProject
Global
	GlobalSection(SolutionConfigurationPlatforms) = preSolution
		Debug|Any CPU = Debug|Any CPU
		Release|Any CPU = Release|Any CPU
	EndGlobalSection
	GlobalSection(ProjectConfigurationPlatforms) = postSolution
		{5E9AEBFA-EE36-4538-AA5E-0159E770472C}.Debug|Any CPU.ActiveCfg = Debug|Any CPU
		{5E9AEBFA-EE36-4538-AA5E-0159E770472C}.Debug|Any CPU.Build.0 = Debug|Any CPU
		{5E9AEBFA-EE36-4538-AA5E-0159E770472C}.Release|Any CPU.ActiveCfg = Release|Any CPU
		{5E9AEBFA-EE36-4538-AA5E-0159E770472C}.Release|Any CPU.Build.0 = Release|Any CPU
	EndGlobalSection
	GlobalSection(SolutionProperties) = preSolution
		HideSolutionNode = FALSE
	EndGlobalSection
	GlobalSection(ExtensibilityGlobals) = postSolution
		SolutionGuid = {924BA9B7-C8D0-440F-B976-C2B14D8EBF43}
	EndGlobalSection
EndGlobal
